
Microsoft Visual Studio Solution File, Format Version 12.00
# Visual Studio Version 16
VisualStudioVersion = 16.0.30907.101
MinimumVisualStudioVersion = 10.0.40219.1
Project("{9A19103F-16F7-4668-BE54-9A1E7A4F7556}") = "ScoreBoard", "ScoreBoard\ScoreBoard.csproj", "{5B936F14-C719-49E5-A063-23B7EEF369B3}"
EndProject
Project("{9A19103F-16F7-4668-BE54-9A1E7A4F7556}") = "ScoreBoard.Tests", "Tests\ScoreBoard.Tests.csproj", "{52C82469-7616-4507-BEB6-30AEB81BB2F2}"
EndProject
Global
	GlobalSection(SolutionConfigurationPlatforms) = preSolution
		Debug|Any CPU = Debug|Any CPU
		Release|Any CPU = Release|Any CPU
	EndGlobalSection
	GlobalSection(ProjectConfigurationPlatforms) = postSolution
		{5B936F14-C719-49E5-A063-23B7EEF369B3}.Debug|Any CPU.ActiveCfg = Debug|Any CPU
		{5B936F14-C719-49E5-A063-23B7EEF369B3}.Debug|Any CPU.Build.0 = Debug|Any CPU
		{5B936F14-C719-49E5-A063-23B7EEF369B3}.Release|Any CPU.ActiveCfg = Release|Any CPU
		{5B936F14-C719-49E5-A063-23B7EEF369B3}.Release|Any CPU.Build.0 = Release|Any CPU
		{52C82469-7616-4507-BEB6-30AEB81BB2F2}.Debug|Any CPU.ActiveCfg = Debug|Any CPU
		{52C82469-7616-4507-BEB6-30AEB81BB2F2}.Debug|Any CPU.Build.0 = Debug|Any CPU
		{52C82469-7616-4507-BEB6-30AEB81BB2F2}.Release|Any CPU.ActiveCfg = Release|Any CPU
		{52C82469-7616-4507-BEB6-30AEB81BB2F2}.Release|Any CPU.Build.0 = Release|Any CPU
	EndGlobalSection
	GlobalSection(SolutionProperties) = preSolution
		HideSolutionNode = FALSE
	EndGlobalSection
	GlobalSection(ExtensibilityGlobals) = postSolution
		SolutionGuid = {1620E194-9C46-44ED-B31F-A6A6E0A7B305}
	EndGlobalSection
EndGlobal
